
Microsoft Visual Studio Solution File, Format Version 12.00
# Visual Studio Version 17
VisualStudioVersion = 17.7.34009.444
MinimumVisualStudioVersion = 10.0.40219.1
Project("{FAE04EC0-301F-11D3-BF4B-00C04F79EFBC}") = "QuanLyKhachSan", "QuanLyKhachSan\QuanLyKhachSan.csproj", "{8208569C-8496-4EEF-8157-AB5906391030}"
EndProject
Global
	GlobalSection(SolutionConfigurationPlatforms) = preSolution
		Debug|Any CPU = Debug|Any CPU
		Release|Any CPU = Release|Any CPU
	EndGlobalSection
	GlobalSection(ProjectConfigurationPlatforms) = postSolution
		{8208569C-8496-4EEF-8157-AB5906391030}.Debug|Any CPU.ActiveCfg = Debug|Any CPU
		{8208569C-8496-4EEF-8157-AB5906391030}.Debug|Any CPU.Build.0 = Debug|Any CPU
		{8208569C-8496-4EEF-8157-AB5906391030}.Release|Any CPU.ActiveCfg = Release|Any CPU
		{8208569C-8496-4EEF-8157-AB5906391030}.Release|Any CPU.Build.0 = Release|Any CPU
	EndGlobalSection
	GlobalSection(SolutionProperties) = preSolution
		HideSolutionNode = FALSE
	EndGlobalSection
	GlobalSection(ExtensibilityGlobals) = postSolution
		SolutionGuid = {D53671B9-7D4B-4395-81E7-6E67CD327580}
	EndGlobalSection
EndGlobal
